
Microsoft Visual Studio Solution File, Format Version 12.00
# Visual Studio Version 16
VisualStudioVersion = 16.0.31729.503
MinimumVisualStudioVersion = 10.0.40219.1
Project("{FAE04EC0-301F-11D3-BF4B-00C04F79EFBC}") = "CsvData", "CsvData\CsvData.csproj", "{64DFF86E-08FC-4300-A876-98FC15BB646B}"
EndProject
Global
	GlobalSection(SolutionConfigurationPlatforms) = preSolution
		Debug|Any CPU = Debug|Any CPU
		Release|Any CPU = Release|Any CPU
	EndGlobalSection
	GlobalSection(ProjectConfigurationPlatforms) = postSolution
		{64DFF86E-08FC-4300-A876-98FC15BB646B}.Debug|Any CPU.ActiveCfg = Debug|Any CPU
		{64DFF86E-08FC-4300-A876-98FC15BB646B}.Debug|Any CPU.Build.0 = Debug|Any CPU
		{64DFF86E-08FC-4300-A876-98FC15BB646B}.Release|Any CPU.ActiveCfg = Release|Any CPU
		{64DFF86E-08FC-4300-A876-98FC15BB646B}.Release|Any CPU.Build.0 = Release|Any CPU
	EndGlobalSection
	GlobalSection(SolutionProperties) = preSolution
		HideSolutionNode = FALSE
	EndGlobalSection
	GlobalSection(ExtensibilityGlobals) = postSolution
		SolutionGuid = {5AA14975-6E0A-4436-91F0-1A22825C2E7C}
	EndGlobalSection
EndGlobal
